// !$*UTF8*$!
{
	archiveVersion = 1;
	classes = {
	};
	objectVersion = 56;
	objects = {

/* Begin PBXBuildFile section */
		01B451A1AD7340F44D6E0BA2 /* Pods_The_Reminder.framework in Frameworks */ = {isa = PBXBuildFile; fileRef = FE8320D425B00C6FE2319911 /* Pods_The_Reminder.framework */; };
		8E7DEE3C2C08BE6800CD5F29 /* SettingsViewModel.swift in Sources */ = {isa = PBXBuildFile; fileRef = 8E7DEE3B2C08BE6800CD5F29 /* SettingsViewModel.swift */; };
		8E7DEE432C08DFA800CD5F29 /* lottieViewController.swift in Sources */ = {isa = PBXBuildFile; fileRef = 8E7DEE422C08DFA800CD5F29 /* lottieViewController.swift */; };
		8E7DEE492C08E4A800CD5F29 /* loader1.json in Resources */ = {isa = PBXBuildFile; fileRef = 8E7DEE482C08E4A800CD5F29 /* loader1.json */; };
		8E95B49C2C04B57B0083D835 /* GraphView.swift in Sources */ = {isa = PBXBuildFile; fileRef = 8E95B49B2C04B57B0083D835 /* GraphView.swift */; };
		8EA25EEE2C4C1AA900BF73D1 /* WeekView.swift in Sources */ = {isa = PBXBuildFile; fileRef = 8EA25EED2C4C1AA900BF73D1 /* WeekView.swift */; };
		8EB4F0E82C05CE94005166E0 /* graphViewModel.swift in Sources */ = {isa = PBXBuildFile; fileRef = 8EB4F0E72C05CE94005166E0 /* graphViewModel.swift */; };
		8EE477AE2C2D6B9100D1DFC4 /* BarPlotView.swift in Sources */ = {isa = PBXBuildFile; fileRef = 8EE477AD2C2D6B9100D1DFC4 /* BarPlotView.swift */; };
		8EF5F4842C083B5000F028F4 /* introPage.swift in Sources */ = {isa = PBXBuildFile; fileRef = 8EF5F4832C083B5000F028F4 /* introPage.swift */; };
		8EF5F4862C0847ED00F028F4 /* genderPage.swift in Sources */ = {isa = PBXBuildFile; fileRef = 8EF5F4852C0847ED00F028F4 /* genderPage.swift */; };
		8EF5F4882C08480600F028F4 /* weightPage.swift in Sources */ = {isa = PBXBuildFile; fileRef = 8EF5F4872C08480600F028F4 /* weightPage.swift */; };
		8EF5F48A2C08481A00F028F4 /* wakeupPage.swift in Sources */ = {isa = PBXBuildFile; fileRef = 8EF5F4892C08481A00F028F4 /* wakeupPage.swift */; };
		8EF5F48C2C08483800F028F4 /* sleepPage.swift in Sources */ = {isa = PBXBuildFile; fileRef = 8EF5F48B2C08483800F028F4 /* sleepPage.swift */; };
		F94F01932B463F920004CF3A /* AppDelegate.swift in Sources */ = {isa = PBXBuildFile; fileRef = F94F01922B463F920004CF3A /* AppDelegate.swift */; };
		F94F01952B463F920004CF3A /* SceneDelegate.swift in Sources */ = {isa = PBXBuildFile; fileRef = F94F01942B463F920004CF3A /* SceneDelegate.swift */; };
		F94F01972B463F920004CF3A /* ViewController.swift in Sources */ = {isa = PBXBuildFile; fileRef = F94F01962B463F920004CF3A /* ViewController.swift */; };
		F94F019A2B463F920004CF3A /* Main.storyboard in Resources */ = {isa = PBXBuildFile; fileRef = F94F01982B463F920004CF3A /* Main.storyboard */; };
		F94F019C2B463F930004CF3A /* Assets.xcassets in Resources */ = {isa = PBXBuildFile; fileRef = F94F019B2B463F930004CF3A /* Assets.xcassets */; };
		F94F019F2B463F930004CF3A /* LaunchScreen.storyboard in Resources */ = {isa = PBXBuildFile; fileRef = F94F019D2B463F930004CF3A /* LaunchScreen.storyboard */; };
		F95B48392B9F6B460022DC04 /* HistoryViewController.swift in Sources */ = {isa = PBXBuildFile; fileRef = F95B48382B9F6B460022DC04 /* HistoryViewController.swift */; };
		F95B483D2B9F6B740022DC04 /* SettingsViewController.swift in Sources */ = {isa = PBXBuildFile; fileRef = F95B483C2B9F6B740022DC04 /* SettingsViewController.swift */; };
		F961FEE62B5BA05B005378AF /* WDatas.swift in Sources */ = {isa = PBXBuildFile; fileRef = F961FEE52B5BA05B005378AF /* WDatas.swift */; };
		F961FEE92B5BADEF005378AF /* ViewModel.swift in Sources */ = {isa = PBXBuildFile; fileRef = F961FEE82B5BADEF005378AF /* ViewModel.swift */; };
		F961FEEC2B5C4951005378AF /* chooseCup.xib in Resources */ = {isa = PBXBuildFile; fileRef = F961FEEB2B5C4951005378AF /* chooseCup.xib */; };
		F961FEEE2B5D2379005378AF /* chooseCup.swift in Sources */ = {isa = PBXBuildFile; fileRef = F961FEED2B5D2379005378AF /* chooseCup.swift */; };
		F961FEF22B5E757A005378AF /* customizedClass.swift in Sources */ = {isa = PBXBuildFile; fileRef = F961FEF12B5E757A005378AF /* customizedClass.swift */; };
		F961FEF42B5E7C1E005378AF /* AdditionalCups.swift in Sources */ = {isa = PBXBuildFile; fileRef = F961FEF32B5E7C1E005378AF /* AdditionalCups.swift */; };
		F9BE555A2B50700300761781 /* DailyRecordCell.xib in Resources */ = {isa = PBXBuildFile; fileRef = F9BE55592B50700300761781 /* DailyRecordCell.xib */; };
		F9BE555C2B50701A00761781 /* DailyRecordCell.swift in Sources */ = {isa = PBXBuildFile; fileRef = F9BE555B2B50701A00761781 /* DailyRecordCell.swift */; };
		F9F109202B862D2D005A8A17 /* OnboardingViewController.swift in Sources */ = {isa = PBXBuildFile; fileRef = F9F1091E2B862D2D005A8A17 /* OnboardingViewController.swift */; };
		F9F109212B862D2D005A8A17 /* OnboardingViewController.storyboard in Resources */ = {isa = PBXBuildFile; fileRef = F9F1091F2B862D2D005A8A17 /* OnboardingViewController.storyboard */; };
/* End PBXBuildFile section */

/* Begin PBXFileReference section */
		386FDF8856952491518C545F /* Pods-The_Reminder.release.xcconfig */ = {isa = PBXFileReference; includeInIndex = 1; lastKnownFileType = text.xcconfig; name = "Pods-The_Reminder.release.xcconfig"; path = "Target Support Files/Pods-The_Reminder/Pods-The_Reminder.release.xcconfig"; sourceTree = "<group>"; };
		8E7DEE3B2C08BE6800CD5F29 /* SettingsViewModel.swift */ = {isa = PBXFileReference; lastKnownFileType = sourcecode.swift; path = SettingsViewModel.swift; sourceTree = "<group>"; };
		8E7DEE422C08DFA800CD5F29 /* lottieViewController.swift */ = {isa = PBXFileReference; lastKnownFileType = sourcecode.swift; path = lottieViewController.swift; sourceTree = "<group>"; };
		8E7DEE482C08E4A800CD5F29 /* loader1.json */ = {isa = PBXFileReference; fileEncoding = 4; lastKnownFileType = text.json; path = loader1.json; sourceTree = "<group>"; };
		8E95B49B2C04B57B0083D835 /* GraphView.swift */ = {isa = PBXFileReference; lastKnownFileType = sourcecode.swift; path = GraphView.swift; sourceTree = "<group>"; };
		8EA25EED2C4C1AA900BF73D1 /* WeekView.swift */ = {isa = PBXFileReference; lastKnownFileType = sourcecode.swift; path = WeekView.swift; sourceTree = "<group>"; };
		8EB4F0E72C05CE94005166E0 /* graphViewModel.swift */ = {isa = PBXFileReference; lastKnownFileType = sourcecode.swift; path = graphViewModel.swift; sourceTree = "<group>"; };
		8EE477AD2C2D6B9100D1DFC4 /* BarPlotView.swift */ = {isa = PBXFileReference; lastKnownFileType = sourcecode.swift; path = BarPlotView.swift; sourceTree = "<group>"; };
		8EF5F4832C083B5000F028F4 /* introPage.swift */ = {isa = PBXFileReference; lastKnownFileType = sourcecode.swift; path = introPage.swift; sourceTree = "<group>"; };
		8EF5F4852C0847ED00F028F4 /* genderPage.swift */ = {isa = PBXFileReference; lastKnownFileType = sourcecode.swift; path = genderPage.swift; sourceTree = "<group>"; };
		8EF5F4872C08480600F028F4 /* weightPage.swift */ = {isa = PBXFileReference; lastKnownFileType = sourcecode.swift; path = weightPage.swift; sourceTree = "<group>"; };
		8EF5F4892C08481A00F028F4 /* wakeupPage.swift */ = {isa = PBXFileReference; lastKnownFileType = sourcecode.swift; path = wakeupPage.swift; sourceTree = "<group>"; };
		8EF5F48B2C08483800F028F4 /* sleepPage.swift */ = {isa = PBXFileReference; lastKnownFileType = sourcecode.swift; path = sleepPage.swift; sourceTree = "<group>"; };
		AFA0F9073339CB8F2DFE6D43 /* Pods-The_Reminder.debug.xcconfig */ = {isa = PBXFileReference; includeInIndex = 1; lastKnownFileType = text.xcconfig; name = "Pods-The_Reminder.debug.xcconfig"; path = "Target Support Files/Pods-The_Reminder/Pods-The_Reminder.debug.xcconfig"; sourceTree = "<group>"; };
		F94F018F2B463F920004CF3A /* The_Reminder.app */ = {isa = PBXFileReference; explicitFileType = wrapper.application; includeInIndex = 0; path = The_Reminder.app; sourceTree = BUILT_PRODUCTS_DIR; };
		F94F01922B463F920004CF3A /* AppDelegate.swift */ = {isa = PBXFileReference; lastKnownFileType = sourcecode.swift; path = AppDelegate.swift; sourceTree = "<group>"; };
		F94F01942B463F920004CF3A /* SceneDelegate.swift */ = {isa = PBXFileReference; lastKnownFileType = sourcecode.swift; path = SceneDelegate.swift; sourceTree = "<group>"; };
		F94F01962B463F920004CF3A /* ViewController.swift */ = {isa = PBXFileReference; lastKnownFileType = sourcecode.swift; path = ViewController.swift; sourceTree = "<group>"; };
		F94F01992B463F920004CF3A /* Base */ = {isa = PBXFileReference; lastKnownFileType = file.storyboard; name = Base; path = Base.lproj/Main.storyboard; sourceTree = "<group>"; };
		F94F019B2B463F930004CF3A /* Assets.xcassets */ = {isa = PBXFileReference; lastKnownFileType = folder.assetcatalog; path = Assets.xcassets; sourceTree = "<group>"; };
		F94F019E2B463F930004CF3A /* Base */ = {isa = PBXFileReference; lastKnownFileType = file.storyboard; name = Base; path = Base.lproj/LaunchScreen.storyboard; sourceTree = "<group>"; };
		F94F01A02B463F930004CF3A /* Info.plist */ = {isa = PBXFileReference; lastKnownFileType = text.plist.xml; path = Info.plist; sourceTree = "<group>"; };
		F95B48382B9F6B460022DC04 /* HistoryViewController.swift */ = {isa = PBXFileReference; lastKnownFileType = sourcecode.swift; path = HistoryViewController.swift; sourceTree = "<group>"; };
		F95B483C2B9F6B740022DC04 /* SettingsViewController.swift */ = {isa = PBXFileReference; lastKnownFileType = sourcecode.swift; path = SettingsViewController.swift; sourceTree = "<group>"; };
		F961FEE52B5BA05B005378AF /* WDatas.swift */ = {isa = PBXFileReference; lastKnownFileType = sourcecode.swift; path = WDatas.swift; sourceTree = "<group>"; };
		F961FEE82B5BADEF005378AF /* ViewModel.swift */ = {isa = PBXFileReference; lastKnownFileType = sourcecode.swift; path = ViewModel.swift; sourceTree = "<group>"; };
		F961FEEB2B5C4951005378AF /* chooseCup.xib */ = {isa = PBXFileReference; lastKnownFileType = file.xib; path = chooseCup.xib; sourceTree = "<group>"; };
		F961FEED2B5D2379005378AF /* chooseCup.swift */ = {isa = PBXFileReference; lastKnownFileType = sourcecode.swift; path = chooseCup.swift; sourceTree = "<group>"; };
		F961FEF12B5E757A005378AF /* customizedClass.swift */ = {isa = PBXFileReference; lastKnownFileType = sourcecode.swift; path = customizedClass.swift; sourceTree = "<group>"; };
		F961FEF32B5E7C1E005378AF /* AdditionalCups.swift */ = {isa = PBXFileReference; lastKnownFileType = sourcecode.swift; path = AdditionalCups.swift; sourceTree = "<group>"; };
		F9BE55592B50700300761781 /* DailyRecordCell.xib */ = {isa = PBXFileReference; lastKnownFileType = file.xib; path = DailyRecordCell.xib; sourceTree = "<group>"; };
		F9BE555B2B50701A00761781 /* DailyRecordCell.swift */ = {isa = PBXFileReference; lastKnownFileType = sourcecode.swift; path = DailyRecordCell.swift; sourceTree = "<group>"; };
		F9F1091E2B862D2D005A8A17 /* OnboardingViewController.swift */ = {isa = PBXFileReference; fileEncoding = 4; lastKnownFileType = sourcecode.swift; path = OnboardingViewController.swift; sourceTree = "<group>"; };
		F9F1091F2B862D2D005A8A17 /* OnboardingViewController.storyboard */ = {isa = PBXFileReference; fileEncoding = 4; lastKnownFileType = file.storyboard; path = OnboardingViewController.storyboard; sourceTree = "<group>"; };
		FE8320D425B00C6FE2319911 /* Pods_The_Reminder.framework */ = {isa = PBXFileReference; explicitFileType = wrapper.framework; includeInIndex = 0; path = Pods_The_Reminder.framework; sourceTree = BUILT_PRODUCTS_DIR; };
/* End PBXFileReference section */

/* Begin PBXFrameworksBuildPhase section */
		F94F018C2B463F920004CF3A /* Frameworks */ = {
			isa = PBXFrameworksBuildPhase;
			buildActionMask = 2147483647;
			files = (
				01B451A1AD7340F44D6E0BA2 /* Pods_The_Reminder.framework in Frameworks */,
			);
			runOnlyForDeploymentPostprocessing = 0;
		};
/* End PBXFrameworksBuildPhase section */

/* Begin PBXGroup section */
		021B8CB5B6EBE3A256E276B4 /* Pods */ = {
			isa = PBXGroup;
			children = (
				AFA0F9073339CB8F2DFE6D43 /* Pods-The_Reminder.debug.xcconfig */,
				386FDF8856952491518C545F /* Pods-The_Reminder.release.xcconfig */,
			);
			path = Pods;
			sourceTree = "<group>";
		};
		8E7DEE3A2C08BE5300CD5F29 /* ViewModel */ = {
			isa = PBXGroup;
			children = (
				8E7DEE3B2C08BE6800CD5F29 /* SettingsViewModel.swift */,
			);
			path = ViewModel;
			sourceTree = "<group>";
		};
		8E7DEE3D2C08BE6F00CD5F29 /* Model */ = {
			isa = PBXGroup;
			children = (
			);
			path = Model;
			sourceTree = "<group>";
		};
		8E7DEE3E2C08BE8400CD5F29 /* View */ = {
			isa = PBXGroup;
			children = (
				F95B483C2B9F6B740022DC04 /* SettingsViewController.swift */,
			);
			path = View;
			sourceTree = "<group>";
		};
		8E7DEE3F2C08BEAD00CD5F29 /* ViewModel */ = {
			isa = PBXGroup;
			children = (
			);
			path = ViewModel;
			sourceTree = "<group>";
		};
		8E7DEE402C08BEBE00CD5F29 /* View */ = {
			isa = PBXGroup;
			children = (
				8EF5F48B2C08483800F028F4 /* sleepPage.swift */,
				8EF5F4892C08481A00F028F4 /* wakeupPage.swift */,
				8EF5F4872C08480600F028F4 /* weightPage.swift */,
				8EF5F4852C0847ED00F028F4 /* genderPage.swift */,
				8EF5F4832C083B5000F028F4 /* introPage.swift */,
				F9F1091E2B862D2D005A8A17 /* OnboardingViewController.swift */,
				F9F1091F2B862D2D005A8A17 /* OnboardingViewController.storyboard */,
			);
			path = View;
			sourceTree = "<group>";
		};
		8E7DEE412C08DF8C00CD5F29 /* LoaderScreen */ = {
			isa = PBXGroup;
			children = (
				8E7DEE482C08E4A800CD5F29 /* loader1.json */,
				8E7DEE422C08DFA800CD5F29 /* lottieViewController.swift */,
			);
			path = LoaderScreen;
			sourceTree = "<group>";
		};
		F93F89332BFDC4A0009B28A1 /* SwiftUI */ = {
			isa = PBXGroup;
			children = (
				8E95B49B2C04B57B0083D835 /* GraphView.swift */,
				8EB4F0E72C05CE94005166E0 /* graphViewModel.swift */,
				8EE477AD2C2D6B9100D1DFC4 /* BarPlotView.swift */,
				8EA25EED2C4C1AA900BF73D1 /* WeekView.swift */,
			);
			path = SwiftUI;
			sourceTree = "<group>";
		};
		F94F01862B463F920004CF3A = {
			isa = PBXGroup;
			children = (
				8E7DEE412C08DF8C00CD5F29 /* LoaderScreen */,
				F95B48372B9F6B070022DC04 /* Dashboard */,
				F95B48362B9F6AF70022DC04 /* Settings */,
				F95B48352B9F6AEC0022DC04 /* History */,
				F9F1091D2B862D2D005A8A17 /* OnboardingScreen */,
				F961FEF02B5E7523005378AF /* Helper class */,
				F961FEEF2B5E74F9005378AF /* Assets */,
				F94F01912B463F920004CF3A /* The_Reminder */,
				F94F01902B463F920004CF3A /* Products */,
				021B8CB5B6EBE3A256E276B4 /* Pods */,
				F9C0346C158643B4664383BA /* Frameworks */,
			);
			sourceTree = "<group>";
		};
		F94F01902B463F920004CF3A /* Products */ = {
			isa = PBXGroup;
			children = (
				F94F018F2B463F920004CF3A /* The_Reminder.app */,
			);
			name = Products;
			sourceTree = "<group>";
		};
		F94F01912B463F920004CF3A /* The_Reminder */ = {
			isa = PBXGroup;
			children = (
				F94F01922B463F920004CF3A /* AppDelegate.swift */,
				F94F01942B463F920004CF3A /* SceneDelegate.swift */,
				F94F019D2B463F930004CF3A /* LaunchScreen.storyboard */,
				F94F01A02B463F930004CF3A /* Info.plist */,
			);
			path = The_Reminder;
			sourceTree = "<group>";
		};
		F95B48352B9F6AEC0022DC04 /* History */ = {
			isa = PBXGroup;
			children = (
				F93F89332BFDC4A0009B28A1 /* SwiftUI */,
				F95B48382B9F6B460022DC04 /* HistoryViewController.swift */,
			);
			path = History;
			sourceTree = "<group>";
		};
		F95B48362B9F6AF70022DC04 /* Settings */ = {
			isa = PBXGroup;
			children = (
				8E7DEE3E2C08BE8400CD5F29 /* View */,
				8E7DEE3D2C08BE6F00CD5F29 /* Model */,
				8E7DEE3A2C08BE5300CD5F29 /* ViewModel */,
			);
			path = Settings;
			sourceTree = "<group>";
		};
		F95B48372B9F6B070022DC04 /* Dashboard */ = {
			isa = PBXGroup;
			children = (
				F961FEE42B5BA00B005378AF /* Model */,
				F961FEE72B5BADCF005378AF /* ViewModel */,
				F961FEEA2B5C4929005378AF /* View */,
			);
			path = Dashboard;
			sourceTree = "<group>";
		};
		F961FEE42B5BA00B005378AF /* Model */ = {
			isa = PBXGroup;
			children = (
				F961FEE52B5BA05B005378AF /* WDatas.swift */,
			);
			path = Model;
			sourceTree = "<group>";
		};
		F961FEE72B5BADCF005378AF /* ViewModel */ = {
			isa = PBXGroup;
			children = (
				F961FEE82B5BADEF005378AF /* ViewModel.swift */,
			);
			path = ViewModel;
			sourceTree = "<group>";
		};
		F961FEEA2B5C4929005378AF /* View */ = {
			isa = PBXGroup;
			children = (
				F9BE555B2B50701A00761781 /* DailyRecordCell.swift */,
				F94F01962B463F920004CF3A /* ViewController.swift */,
				F961FEEB2B5C4951005378AF /* chooseCup.xib */,
				F961FEED2B5D2379005378AF /* chooseCup.swift */,
				F9BE55592B50700300761781 /* DailyRecordCell.xib */,
				F94F01982B463F920004CF3A /* Main.storyboard */,
			);
			path = View;
			sourceTree = "<group>";
		};
		F961FEEF2B5E74F9005378AF /* Assets */ = {
			isa = PBXGroup;
			children = (
				F94F019B2B463F930004CF3A /* Assets.xcassets */,
			);
			path = Assets;
			sourceTree = "<group>";
		};
		F961FEF02B5E7523005378AF /* Helper class */ = {
			isa = PBXGroup;
			children = (
				F961FEF12B5E757A005378AF /* customizedClass.swift */,
				F961FEF32B5E7C1E005378AF /* AdditionalCups.swift */,
			);
			path = "Helper class";
			sourceTree = "<group>";
		};
		F9C0346C158643B4664383BA /* Frameworks */ = {
			isa = PBXGroup;
			children = (
				FE8320D425B00C6FE2319911 /* Pods_The_Reminder.framework */,
			);
			name = Frameworks;
			sourceTree = "<group>";
		};
		F9F1091D2B862D2D005A8A17 /* OnboardingScreen */ = {
			isa = PBXGroup;
			children = (
				8E7DEE402C08BEBE00CD5F29 /* View */,
				8E7DEE3F2C08BEAD00CD5F29 /* ViewModel */,
			);
			path = OnboardingScreen;
			sourceTree = "<group>";
		};
/* End PBXGroup section */

/* Begin PBXNativeTarget section */
		F94F018E2B463F920004CF3A /* The_Reminder */ = {
			isa = PBXNativeTarget;
			buildConfigurationList = F94F01A32B463F930004CF3A /* Build configuration list for PBXNativeTarget "The_Reminder" */;
			buildPhases = (
				BDC49DD253271A028CFCD62E /* [CP] Check Pods Manifest.lock */,
				F94F018B2B463F920004CF3A /* Sources */,
				F94F018C2B463F920004CF3A /* Frameworks */,
				F94F018D2B463F920004CF3A /* Resources */,
				9B847493571C44AC7E3815DE /* [CP] Embed Pods Frameworks */,
			);
			buildRules = (
			);
			dependencies = (
			);
			name = The_Reminder;
			productName = The_Reminder;
			productReference = F94F018F2B463F920004CF3A /* The_Reminder.app */;
			productType = "com.apple.product-type.application";
		};
/* End PBXNativeTarget section */

/* Begin PBXProject section */
		F94F01872B463F920004CF3A /* Project object */ = {
			isa = PBXProject;
			attributes = {
				BuildIndependentTargetsInParallel = 1;
				LastSwiftUpdateCheck = 1430;
				LastUpgradeCheck = 1430;
				TargetAttributes = {
					F94F018E2B463F920004CF3A = {
						CreatedOnToolsVersion = 14.3.1;
					};
				};
			};
			buildConfigurationList = F94F018A2B463F920004CF3A /* Build configuration list for PBXProject "The_Reminder" */;
			compatibilityVersion = "Xcode 14.0";
			developmentRegion = en;
			hasScannedForEncodings = 0;
			knownRegions = (
				en,
				Base,
			);
			mainGroup = F94F01862B463F920004CF3A;
			productRefGroup = F94F01902B463F920004CF3A /* Products */;
			projectDirPath = "";
			projectRoot = "";
			targets = (
				F94F018E2B463F920004CF3A /* The_Reminder */,
			);
		};
/* End PBXProject section */

/* Begin PBXResourcesBuildPhase section */
		F94F018D2B463F920004CF3A /* Resources */ = {
			isa = PBXResourcesBuildPhase;
			buildActionMask = 2147483647;
			files = (
				F9F109212B862D2D005A8A17 /* OnboardingViewController.storyboard in Resources */,
				F94F019F2B463F930004CF3A /* LaunchScreen.storyboard in Resources */,
				F94F019C2B463F930004CF3A /* Assets.xcassets in Resources */,
				F9BE555A2B50700300761781 /* DailyRecordCell.xib in Resources */,
				F94F019A2B463F920004CF3A /* Main.storyboard in Resources */,
				8E7DEE492C08E4A800CD5F29 /* loader1.json in Resources */,
				F961FEEC2B5C4951005378AF /* chooseCup.xib in Resources */,
			);
			runOnlyForDeploymentPostprocessing = 0;
		};
/* End PBXResourcesBuildPhase section */

/* Begin PBXShellScriptBuildPhase section */
		9B847493571C44AC7E3815DE /* [CP] Embed Pods Frameworks */ = {
			isa = PBXShellScriptBuildPhase;
			buildActionMask = 2147483647;
			files = (
			);
			inputFileListPaths = (
				"${PODS_ROOT}/Target Support Files/Pods-The_Reminder/Pods-The_Reminder-frameworks-${CONFIGURATION}-input-files.xcfilelist",
			);
			name = "[CP] Embed Pods Frameworks";
			outputFileListPaths = (
				"${PODS_ROOT}/Target Support Files/Pods-The_Reminder/Pods-The_Reminder-frameworks-${CONFIGURATION}-output-files.xcfilelist",
			);
			runOnlyForDeploymentPostprocessing = 0;
			shellPath = /bin/sh;
			shellScript = "\"${PODS_ROOT}/Target Support Files/Pods-The_Reminder/Pods-The_Reminder-frameworks.sh\"\n";
			showEnvVarsInLog = 0;
		};
		BDC49DD253271A028CFCD62E /* [CP] Check Pods Manifest.lock */ = {
			isa = PBXShellScriptBuildPhase;
			buildActionMask = 2147483647;
			files = (
			);
			inputFileListPaths = (
			);
			inputPaths = (
				"${PODS_PODFILE_DIR_PATH}/Podfile.lock",
				"${PODS_ROOT}/Manifest.lock",
			);
			name = "[CP] Check Pods Manifest.lock";
			outputFileListPaths = (
			);
			outputPaths = (
				"$(DERIVED_FILE_DIR)/Pods-The_Reminder-checkManifestLockResult.txt",
			);
			runOnlyForDeploymentPostprocessing = 0;
			shellPath = /bin/sh;
			shellScript = "diff \"${PODS_PODFILE_DIR_PATH}/Podfile.lock\" \"${PODS_ROOT}/Manifest.lock\" > /dev/null\nif [ $? != 0 ] ; then\n    # print error to STDERR\n    echo \"error: The sandbox is not in sync with the Podfile.lock. Run 'pod install' or update your CocoaPods installation.\" >&2\n    exit 1\nfi\n# This output is used by Xcode 'outputs' to avoid re-running this script phase.\necho \"SUCCESS\" > \"${SCRIPT_OUTPUT_FILE_0}\"\n";
			showEnvVarsInLog = 0;
		};
/* End PBXShellScriptBuildPhase section */

/* Begin PBXSourcesBuildPhase section */
		F94F018B2B463F920004CF3A /* Sources */ = {
			isa = PBXSourcesBuildPhase;
			buildActionMask = 2147483647;
			files = (
				8EF5F4842C083B5000F028F4 /* introPage.swift in Sources */,
				F94F01972B463F920004CF3A /* ViewController.swift in Sources */,
				F961FEF42B5E7C1E005378AF /* AdditionalCups.swift in Sources */,
				8EE477AE2C2D6B9100D1DFC4 /* BarPlotView.swift in Sources */,
				F94F01932B463F920004CF3A /* AppDelegate.swift in Sources */,
				8EB4F0E82C05CE94005166E0 /* graphViewModel.swift in Sources */,
				8EF5F48A2C08481A00F028F4 /* wakeupPage.swift in Sources */,
				F9BE555C2B50701A00761781 /* DailyRecordCell.swift in Sources */,
				F94F01952B463F920004CF3A /* SceneDelegate.swift in Sources */,
				F95B48392B9F6B460022DC04 /* HistoryViewController.swift in Sources */,
				F961FEE92B5BADEF005378AF /* ViewModel.swift in Sources */,
				F961FEF22B5E757A005378AF /* customizedClass.swift in Sources */,
				8E95B49C2C04B57B0083D835 /* GraphView.swift in Sources */,
				8EF5F48C2C08483800F028F4 /* sleepPage.swift in Sources */,
				8EF5F4882C08480600F028F4 /* weightPage.swift in Sources */,
				8E7DEE432C08DFA800CD5F29 /* lottieViewController.swift in Sources */,
				8EA25EEE2C4C1AA900BF73D1 /* WeekView.swift in Sources */,
				F9F109202B862D2D005A8A17 /* OnboardingViewController.swift in Sources */,
				8E7DEE3C2C08BE6800CD5F29 /* SettingsViewModel.swift in Sources */,
				F961FEEE2B5D2379005378AF /* chooseCup.swift in Sources */,
				8EF5F4862C0847ED00F028F4 /* genderPage.swift in Sources */,
				F961FEE62B5BA05B005378AF /* WDatas.swift in Sources */,
				F95B483D2B9F6B740022DC04 /* SettingsViewController.swift in Sources */,
			);
			runOnlyForDeploymentPostprocessing = 0;
		};
/* End PBXSourcesBuildPhase section */

/* Begin PBXVariantGroup section */
		F94F01982B463F920004CF3A /* Main.storyboard */ = {
			isa = PBXVariantGroup;
			children = (
				F94F01992B463F920004CF3A /* Base */,
			);
			name = Main.storyboard;
			sourceTree = "<group>";
		};
		F94F019D2B463F930004CF3A /* LaunchScreen.storyboard */ = {
			isa = PBXVariantGroup;
			children = (
				F94F019E2B463F930004CF3A /* Base */,
			);
			name = LaunchScreen.storyboard;
			sourceTree = "<group>";
		};
/* End PBXVariantGroup section */

/* Begin XCBuildConfiguration section */
		F94F01A12B463F930004CF3A /* Debug */ = {
			isa = XCBuildConfiguration;
			buildSettings = {
				ALWAYS_SEARCH_USER_PATHS = NO;
				CLANG_ANALYZER_NONNULL = YES;
				CLANG_ANALYZER_NUMBER_OBJECT_CONVERSION = YES_AGGRESSIVE;
				CLANG_CXX_LANGUAGE_STANDARD = "gnu++20";
				CLANG_ENABLE_MODULES = YES;
				CLANG_ENABLE_OBJC_ARC = YES;
				CLANG_ENABLE_OBJC_WEAK = YES;
				CLANG_WARN_BLOCK_CAPTURE_AUTORELEASING = YES;
				CLANG_WARN_BOOL_CONVERSION = YES;
				CLANG_WARN_COMMA = YES;
				CLANG_WARN_CONSTANT_CONVERSION = YES;
				CLANG_WARN_DEPRECATED_OBJC_IMPLEMENTATIONS = YES;
				CLANG_WARN_DIRECT_OBJC_ISA_USAGE = YES_ERROR;
				CLANG_WARN_DOCUMENTATION_COMMENTS = YES;
				CLANG_WARN_EMPTY_BODY = YES;
				CLANG_WARN_ENUM_CONVERSION = YES;
				CLANG_WARN_INFINITE_RECURSION = YES;
				CLANG_WARN_INT_CONVERSION = YES;
				CLANG_WARN_NON_LITERAL_NULL_CONVERSION = YES;
				CLANG_WARN_OBJC_IMPLICIT_RETAIN_SELF = YES;
				CLANG_WARN_OBJC_LITERAL_CONVERSION = YES;
				CLANG_WARN_OBJC_ROOT_CLASS = YES_ERROR;
				CLANG_WARN_QUOTED_INCLUDE_IN_FRAMEWORK_HEADER = YES;
				CLANG_WARN_RANGE_LOOP_ANALYSIS = YES;
				CLANG_WARN_STRICT_PROTOTYPES = YES;
				CLANG_WARN_SUSPICIOUS_MOVE = YES;
				CLANG_WARN_UNGUARDED_AVAILABILITY = YES_AGGRESSIVE;
				CLANG_WARN_UNREACHABLE_CODE = YES;
				CLANG_WARN__DUPLICATE_METHOD_MATCH = YES;
				COPY_PHASE_STRIP = NO;
				DEBUG_INFORMATION_FORMAT = dwarf;
				ENABLE_STRICT_OBJC_MSGSEND = YES;
				ENABLE_TESTABILITY = YES;
				GCC_C_LANGUAGE_STANDARD = gnu11;
				GCC_DYNAMIC_NO_PIC = NO;
				GCC_NO_COMMON_BLOCKS = YES;
				GCC_OPTIMIZATION_LEVEL = 0;
				GCC_PREPROCESSOR_DEFINITIONS = (
					"DEBUG=1",
					"$(inherited)",
				);
				GCC_WARN_64_TO_32_BIT_CONVERSION = YES;
				GCC_WARN_ABOUT_RETURN_TYPE = YES_ERROR;
				GCC_WARN_UNDECLARED_SELECTOR = YES;
				GCC_WARN_UNINITIALIZED_AUTOS = YES_AGGRESSIVE;
				GCC_WARN_UNUSED_FUNCTION = YES;
				GCC_WARN_UNUSED_VARIABLE = YES;
				IPHONEOS_DEPLOYMENT_TARGET = 16.4;
				MTL_ENABLE_DEBUG_INFO = INCLUDE_SOURCE;
				MTL_FAST_MATH = YES;
				ONLY_ACTIVE_ARCH = YES;
				SDKROOT = iphoneos;
				SWIFT_ACTIVE_COMPILATION_CONDITIONS = DEBUG;
				SWIFT_OPTIMIZATION_LEVEL = "-Onone";
			};
			name = Debug;
		};
		F94F01A22B463F930004CF3A /* Release */ = {
			isa = XCBuildConfiguration;
			buildSettings = {
				ALWAYS_SEARCH_USER_PATHS = NO;
				CLANG_ANALYZER_NONNULL = YES;
				CLANG_ANALYZER_NUMBER_OBJECT_CONVERSION = YES_AGGRESSIVE;
				CLANG_CXX_LANGUAGE_STANDARD = "gnu++20";
				CLANG_ENABLE_MODULES = YES;
				CLANG_ENABLE_OBJC_ARC = YES;
				CLANG_ENABLE_OBJC_WEAK = YES;
				CLANG_WARN_BLOCK_CAPTURE_AUTORELEASING = YES;
				CLANG_WARN_BOOL_CONVERSION = YES;
				CLANG_WARN_COMMA = YES;
				CLANG_WARN_CONSTANT_CONVERSION = YES;
				CLANG_WARN_DEPRECATED_OBJC_IMPLEMENTATIONS = YES;
				CLANG_WARN_DIRECT_OBJC_ISA_USAGE = YES_ERROR;
				CLANG_WARN_DOCUMENTATION_COMMENTS = YES;
				CLANG_WARN_EMPTY_BODY = YES;
				CLANG_WARN_ENUM_CONVERSION = YES;
				CLANG_WARN_INFINITE_RECURSION = YES;
				CLANG_WARN_INT_CONVERSION = YES;
				CLANG_WARN_NON_LITERAL_NULL_CONVERSION = YES;
				CLANG_WARN_OBJC_IMPLICIT_RETAIN_SELF = YES;
				CLANG_WARN_OBJC_LITERAL_CONVERSION = YES;
				CLANG_WARN_OBJC_ROOT_CLASS = YES_ERROR;
				CLANG_WARN_QUOTED_INCLUDE_IN_FRAMEWORK_HEADER = YES;
				CLANG_WARN_RANGE_LOOP_ANALYSIS = YES;
				CLANG_WARN_STRICT_PROTOTYPES = YES;
				CLANG_WARN_SUSPICIOUS_MOVE = YES;
				CLANG_WARN_UNGUARDED_AVAILABILITY = YES_AGGRESSIVE;
				CLANG_WARN_UNREACHABLE_CODE = YES;
				CLANG_WARN__DUPLICATE_METHOD_MATCH = YES;
				COPY_PHASE_STRIP = NO;
				DEBUG_INFORMATION_FORMAT = "dwarf-with-dsym";
				ENABLE_NS_ASSERTIONS = NO;
				ENABLE_STRICT_OBJC_MSGSEND = YES;
				GCC_C_LANGUAGE_STANDARD = gnu11;
				GCC_NO_COMMON_BLOCKS = YES;
				GCC_WARN_64_TO_32_BIT_CONVERSION = YES;
				GCC_WARN_ABOUT_RETURN_TYPE = YES_ERROR;
				GCC_WARN_UNDECLARED_SELECTOR = YES;
				GCC_WARN_UNINITIALIZED_AUTOS = YES_AGGRESSIVE;
				GCC_WARN_UNUSED_FUNCTION = YES;
				GCC_WARN_UNUSED_VARIABLE = YES;
				IPHONEOS_DEPLOYMENT_TARGET = 16.4;
				MTL_ENABLE_DEBUG_INFO = NO;
				MTL_FAST_MATH = YES;
				SDKROOT = iphoneos;
				SWIFT_COMPILATION_MODE = wholemodule;
				SWIFT_OPTIMIZATION_LEVEL = "-O";
				VALIDATE_PRODUCT = YES;
			};
			name = Release;
		};
		F94F01A42B463F930004CF3A /* Debug */ = {
			isa = XCBuildConfiguration;
			baseConfigurationReference = AFA0F9073339CB8F2DFE6D43 /* Pods-The_Reminder.debug.xcconfig */;
			buildSettings = {
				ASSETCATALOG_COMPILER_APPICON_NAME = AppIcon;
				ASSETCATALOG_COMPILER_GLOBAL_ACCENT_COLOR_NAME = AccentColor;
				ASSETCATALOG_COMPILER_INCLUDE_ALL_APPICON_ASSETS = YES;
				CODE_SIGN_STYLE = Automatic;
				CURRENT_PROJECT_VERSION = 1;
				DEVELOPMENT_TEAM = S593B262J6;
				GENERATE_INFOPLIST_FILE = YES;
				INFOPLIST_FILE = The_Reminder/Info.plist;
				INFOPLIST_KEY_UIApplicationSupportsIndirectInputEvents = YES;
				INFOPLIST_KEY_UILaunchStoryboardName = LaunchScreen.storyboard;
				INFOPLIST_KEY_UIMainStoryboardFile = Main;
				INFOPLIST_KEY_UISupportedInterfaceOrientations_iPad = "UIInterfaceOrientationPortrait UIInterfaceOrientationPortraitUpsideDown UIInterfaceOrientationLandscapeLeft UIInterfaceOrientationLandscapeRight";
				INFOPLIST_KEY_UISupportedInterfaceOrientations_iPhone = "UIInterfaceOrientationPortrait UIInterfaceOrientationLandscapeLeft UIInterfaceOrientationLandscapeRight";
				IPHONEOS_DEPLOYMENT_TARGET = 15.0;
				LD_RUNPATH_SEARCH_PATHS = (
					"$(inherited)",
					"@executable_path/Frameworks",
				);
				MARKETING_VERSION = 1.0;
				PRODUCT_BUNDLE_IDENTIFIER = "manisha.The-Reminder";
				PRODUCT_NAME = "$(TARGET_NAME)";
				SWIFT_EMIT_LOC_STRINGS = YES;
				SWIFT_VERSION = 5.0;
				TARGETED_DEVICE_FAMILY = "1,2";
			};
			name = Debug;
		};
		F94F01A52B463F930004CF3A /* Release */ = {
			isa = XCBuildConfiguration;
			baseConfigurationReference = 386FDF8856952491518C545F /* Pods-The_Reminder.release.xcconfig */;
			buildSettings = {
				ASSETCATALOG_COMPILER_APPICON_NAME = AppIcon;
				ASSETCATALOG_COMPILER_GLOBAL_ACCENT_COLOR_NAME = AccentColor;
				ASSETCATALOG_COMPILER_INCLUDE_ALL_APPICON_ASSETS = YES;
				CODE_SIGN_STYLE = Automatic;
				CURRENT_PROJECT_VERSION = 1;
				DEVELOPMENT_TEAM = S593B262J6;
				GENERATE_INFOPLIST_FILE = YES;
				INFOPLIST_FILE = The_Reminder/Info.plist;
				INFOPLIST_KEY_UIApplicationSupportsIndirectInputEvents = YES;
				INFOPLIST_KEY_UILaunchStoryboardName = LaunchScreen.storyboard;
				INFOPLIST_KEY_UIMainStoryboardFile = Main;
				INFOPLIST_KEY_UISupportedInterfaceOrientations_iPad = "UIInterfaceOrientationPortrait UIInterfaceOrientationPortraitUpsideDown UIInterfaceOrientationLandscapeLeft UIInterfaceOrientationLandscapeRight";
				INFOPLIST_KEY_UISupportedInterfaceOrientations_iPhone = "UIInterfaceOrientationPortrait UIInterfaceOrientationLandscapeLeft UIInterfaceOrientationLandscapeRight";
				IPHONEOS_DEPLOYMENT_TARGET = 15.0;
				LD_RUNPATH_SEARCH_PATHS = (
					"$(inherited)",
					"@executable_path/Frameworks",
				);
				MARKETING_VERSION = 1.0;
				PRODUCT_BUNDLE_IDENTIFIER = "manisha.The-Reminder";
				PRODUCT_NAME = "$(TARGET_NAME)";
				SWIFT_EMIT_LOC_STRINGS = YES;
				SWIFT_VERSION = 5.0;
				TARGETED_DEVICE_FAMILY = "1,2";
			};
			name = Release;
		};
/* End XCBuildConfiguration section */

/* Begin XCConfigurationList section */
		F94F018A2B463F920004CF3A /* Build configuration list for PBXProject "The_Reminder" */ = {
			isa = XCConfigurationList;
			buildConfigurations = (
				F94F01A12B463F930004CF3A /* Debug */,
				F94F01A22B463F930004CF3A /* Release */,
			);
			defaultConfigurationIsVisible = 0;
			defaultConfigurationName = Release;
		};
		F94F01A32B463F930004CF3A /* Build configuration list for PBXNativeTarget "The_Reminder" */ = {
			isa = XCConfigurationList;
			buildConfigurations = (
				F94F01A42B463F930004CF3A /* Debug */,
				F94F01A52B463F930004CF3A /* Release */,
			);
			defaultConfigurationIsVisible = 0;
			defaultConfigurationName = Release;
		};
/* End XCConfigurationList section */
	};
	rootObject = F94F01872B463F920004CF3A /* Project object */;
}
